# Verified PyPI uv 0.8.22 Linux x86_64 wheel metadata, 2026-10-05.
uv @ https://files.pythonhosted.org/packages/3a/a9/a83cee9b8cf63e57ce64ba27c77777cc66410e144fd178368f55af1fa18d/uv-0.8.22-py3-none-manylinux_2_17_x86_64.manylinux2014_x86_64.whl --hash=sha256:8efec4ef5acddc35f0867998c44e0b15fc4dace1e4c26d01443871a2fbb04bf6
